
Microsoft Visual Studio Solution File, Format Version 12.00
# Visual Studio 2012
Project("{CC5FD16D-436D-48AD-A40C-5A424C6E3E79}") = "WindowsAzure2", "WindowsAzure2\WindowsAzure2.ccproj", "{351249F1-7647-42BD-ACA0-46B690862BD9}"
EndProject
Project("{FAE04EC0-301F-11D3-BF4B-00C04F79EFBC}") = "AboutMyFinal", "AboutMyFinal\AboutMyFinal.csproj", "{AC6A7CCF-6424-4282-92FE-7218EEA130D7}"
EndProject
Global
	GlobalSection(SolutionConfigurationPlatforms) = preSolution
		Debug|Any CPU = Debug|Any CPU
		Release|Any CPU = Release|Any CPU
	EndGlobalSection
	GlobalSection(ProjectConfigurationPlatforms) = postSolution
		{351249F1-7647-42BD-ACA0-46B690862BD9}.Debug|Any CPU.ActiveCfg = Debug|Any CPU
		{351249F1-7647-42BD-ACA0-46B690862BD9}.Debug|Any CPU.Build.0 = Debug|Any CPU
		{351249F1-7647-42BD-ACA0-46B690862BD9}.Release|Any CPU.ActiveCfg = Release|Any CPU
		{351249F1-7647-42BD-ACA0-46B690862BD9}.Release|Any CPU.Build.0 = Release|Any CPU
		{AC6A7CCF-6424-4282-92FE-7218EEA130D7}.Debug|Any CPU.ActiveCfg = Debug|Any CPU
		{AC6A7CCF-6424-4282-92FE-7218EEA130D7}.Debug|Any CPU.Build.0 = Debug|Any CPU
		{AC6A7CCF-6424-4282-92FE-7218EEA130D7}.Release|Any CPU.ActiveCfg = Release|Any CPU
		{AC6A7CCF-6424-4282-92FE-7218EEA130D7}.Release|Any CPU.Build.0 = Release|Any CPU
	EndGlobalSection
	GlobalSection(SolutionProperties) = preSolution
		HideSolutionNode = FALSE
	EndGlobalSection
EndGlobal
